{
  "name": "stanwasm-jupyterlite",
  "version": "0.1.0",
  "lockfileVersion": 3,
  "requires": true,
  "packages": {
    "": {
      "name": "stanwasm-jupyterlite",
      "version": "0.1.0",
      "license": "Apache-2.0",
      "dependencies": {
        "stanwasm": "^0.2.0"
      }
    },
    "node_modules/stanwasm": {
      "version": "0.2.0",
      "resolved": "https://registry.npmjs.org/stanwasm/-/stanwasm-0.2.0.tgz",
      "integrity": "sha512-FFw7/GuC6LfJWe/lpJ0zcxsBOPDBK5qDu595w2WQmggmvctwBSo+drn7cHieiWVjqsZDXV4efn8FxcEaWD3nnw==",
      "license": "Apache-2.0"
    }
  }
}
